PODS:
  - MapGrid (1.0.0)
  - RxCocoa (3.5.0):
    - RxSwift (~> 3.4)
  - RxMKMapView (3.0.0):
    - RxCocoa (~> 3.0)
    - RxSwift (~> 3.0)
  - RxSwift (3.5.0)

DEPENDENCIES:
  - MapGrid (from `https://github.com/mkko/MapGrid.git`, branch `master`)
  - RxCocoa (~> 3.0)
  - RxMKMapView (from `../RxMKMapView`)
  - RxSwift (~> 3.0)

EXTERNAL SOURCES:
  MapGrid:
    :branch: master
    :git: https://github.com/mkko/MapGrid.git
  RxMKMapView:
    :path: ../RxMKMapView

CHECKOUT OPTIONS:
  MapGrid:
    :commit: c18628e0f643014780a38eea7281561a51468980
    :git: https://github.com/mkko/MapGrid.git

SPEC CHECKSUMS:
  MapGrid: 50a9c6593b56d05f77b3b5424fccab3ac86217a1
  RxCocoa: a0a09f45d0e5b48ecb6a4a7b4b4c89c88d3f633f
  RxMKMapView: f8cc11dd545b30e681cb9461a5be8b1f2c26c8f3
  RxSwift: 18ee9d78b45edb3b0b7e79916b47a116e6dbc842

PODFILE CHECKSUM: 4b387601782c3223945638ad2bf5d67267b5d8c2

COCOAPODS: 1.2.1
